
Microsoft Visual Studio Solution File, Format Version 12.00
# Visual Studio Version 16
VisualStudioVersion = 16.0.31624.102
MinimumVisualStudioVersion = 10.0.40219.1
Project("{FAE04EC0-301F-11D3-BF4B-00C04F79EFBC}") = "Arduino_Led_CSHARP", "Arduino_Led_CSHARP\Arduino_Led_CSHARP.csproj", "{661DB51E-A6D8-42E7-B1EC-99E44281D3C2}"
EndProject
Global
	GlobalSection(SolutionConfigurationPlatforms) = preSolution
		Debug|Any CPU = Debug|Any CPU
		Release|Any CPU = Release|Any CPU
	EndGlobalSection
	GlobalSection(ProjectConfigurationPlatforms) = postSolution
		{661DB51E-A6D8-42E7-B1EC-99E44281D3C2}.Debug|Any CPU.ActiveCfg = Debug|Any CPU
		{661DB51E-A6D8-42E7-B1EC-99E44281D3C2}.Debug|Any CPU.Build.0 = Debug|Any CPU
		{661DB51E-A6D8-42E7-B1EC-99E44281D3C2}.Release|Any CPU.ActiveCfg = Release|Any CPU
		{661DB51E-A6D8-42E7-B1EC-99E44281D3C2}.Release|Any CPU.Build.0 = Release|Any CPU
	EndGlobalSection
	GlobalSection(SolutionProperties) = preSolution
		HideSolutionNode = FALSE
	EndGlobalSection
	GlobalSection(ExtensibilityGlobals) = postSolution
		SolutionGuid = {AFEDED5D-7683-417C-ABD7-127735E35E9F}
	EndGlobalSection
EndGlobal
